
Microsoft Visual Studio Solution File, Format Version 12.00
# Visual Studio Version 17
VisualStudioVersion = 17.4.33403.182
MinimumVisualStudioVersion = 10.0.40219.1
Project("{9A19103F-16F7-4668-BE54-9A1E7A4F7556}") = "YCore", "YCore\YCore.csproj", "{2EF174EC-321C-4DC6-BDCD-8031D4A77EA0}"
EndProject
Project("{9A19103F-16F7-4668-BE54-9A1E7A4F7556}") = "YCoreTests", "YCoreTests\YCoreTests.csproj", "{EC39440F-F61E-4C92-96FC-98B64825B819}"
EndProject
Project("{9A19103F-16F7-4668-BE54-9A1E7A4F7556}") = "YApi", "YApi\YApi.csproj", "{C27BF41F-9702-4A64-A09D-55A1D9B4EB9A}"
EndProject
Project("{9A19103F-16F7-4668-BE54-9A1E7A4F7556}") = "YDatabase", "YDatabase\YDatabase.csproj", "{32436730-944D-400D-82B5-A65662842073}"
EndProject
Project("{9A19103F-16F7-4668-BE54-9A1E7A4F7556}") = "YApiModel", "YApiModel\YApiModel.csproj", "{495FD8A3-2D06-478D-AF9C-A126442467A3}"
EndProject
Project("{9A19103F-16F7-4668-BE54-9A1E7A4F7556}") = "Temporary", "Temporary\Temporary.csproj", "{B0AED4C3-B315-4D71-9E31-F02BD7C9EABB}"
EndProject
Project("{9A19103F-16F7-4668-BE54-9A1E7A4F7556}") = "YApiTests", "YApiTests\YApiTests.csproj", "{D2044FF3-E82E-459F-9E70-698A424DAC9B}"
EndProject
Project("{9A19103F-16F7-4668-BE54-9A1E7A4F7556}") = "YConsole", "..\..\..\control\YConsole\YConsole.csproj", "{A7E6F40A-154C-4B25-B3FE-2FEE1899E59C}"
EndProject
Project("{FAE04EC0-301F-11D3-BF4B-00C04F79EFBC}") = "YConsoleModel", "YConsoleModel\YConsoleModel.csproj", "{F848D117-C4C9-44F9-B376-74191AD7C438}"
EndProject
Project("{FAE04EC0-301F-11D3-BF4B-00C04F79EFBC}") = "YConsoleModelTests", "YConsoleModelTests\YConsoleModelTests.csproj", "{93F83EE2-FF92-4C8C-A64A-EBA74DFEE432}"
EndProject
Global
	GlobalSection(SolutionConfigurationPlatforms) = preSolution
		Debug|Any CPU = Debug|Any CPU
		Release|Any CPU = Release|Any CPU
	EndGlobalSection
	GlobalSection(ProjectConfigurationPlatforms) = postSolution
		{2EF174EC-321C-4DC6-BDCD-8031D4A77EA0}.Debug|Any CPU.ActiveCfg = Debug|Any CPU
		{2EF174EC-321C-4DC6-BDCD-8031D4A77EA0}.Debug|Any CPU.Build.0 = Debug|Any CPU
		{2EF174EC-321C-4DC6-BDCD-8031D4A77EA0}.Release|Any CPU.ActiveCfg = Release|Any CPU
		{2EF174EC-321C-4DC6-BDCD-8031D4A77EA0}.Release|Any CPU.Build.0 = Release|Any CPU
		{EC39440F-F61E-4C92-96FC-98B64825B819}.Debug|Any CPU.ActiveCfg = Debug|Any CPU
		{EC39440F-F61E-4C92-96FC-98B64825B819}.Debug|Any CPU.Build.0 = Debug|Any CPU
		{EC39440F-F61E-4C92-96FC-98B64825B819}.Release|Any CPU.ActiveCfg = Release|Any CPU
		{EC39440F-F61E-4C92-96FC-98B64825B819}.Release|Any CPU.Build.0 = Release|Any CPU
		{C27BF41F-9702-4A64-A09D-55A1D9B4EB9A}.Debug|Any CPU.ActiveCfg = Debug|Any CPU
		{C27BF41F-9702-4A64-A09D-55A1D9B4EB9A}.Debug|Any CPU.Build.0 = Debug|Any CPU
		{C27BF41F-9702-4A64-A09D-55A1D9B4EB9A}.Release|Any CPU.ActiveCfg = Release|Any CPU
		{C27BF41F-9702-4A64-A09D-55A1D9B4EB9A}.Release|Any CPU.Build.0 = Release|Any CPU
		{32436730-944D-400D-82B5-A65662842073}.Debug|Any CPU.ActiveCfg = Debug|Any CPU
		{32436730-944D-400D-82B5-A65662842073}.Debug|Any CPU.Build.0 = Debug|Any CPU
		{32436730-944D-400D-82B5-A65662842073}.Release|Any CPU.ActiveCfg = Release|Any CPU
		{32436730-944D-400D-82B5-A65662842073}.Release|Any CPU.Build.0 = Release|Any CPU
		{495FD8A3-2D06-478D-AF9C-A126442467A3}.Debug|Any CPU.ActiveCfg = Debug|Any CPU
		{495FD8A3-2D06-478D-AF9C-A126442467A3}.Debug|Any CPU.Build.0 = Debug|Any CPU
		{495FD8A3-2D06-478D-AF9C-A126442467A3}.Release|Any CPU.ActiveCfg = Release|Any CPU
		{495FD8A3-2D06-478D-AF9C-A126442467A3}.Release|Any CPU.Build.0 = Release|Any CPU
		{B0AED4C3-B315-4D71-9E31-F02BD7C9EABB}.Debug|Any CPU.ActiveCfg = Debug|Any CPU
		{B0AED4C3-B315-4D71-9E31-F02BD7C9EABB}.Debug|Any CPU.Build.0 = Debug|Any CPU
		{B0AED4C3-B315-4D71-9E31-F02BD7C9EABB}.Release|Any CPU.ActiveCfg = Release|Any CPU
		{B0AED4C3-B315-4D71-9E31-F02BD7C9EABB}.Release|Any CPU.Build.0 = Release|Any CPU
		{D2044FF3-E82E-459F-9E70-698A424DAC9B}.Debug|Any CPU.ActiveCfg = Debug|Any CPU
		{D2044FF3-E82E-459F-9E70-698A424DAC9B}.Debug|Any CPU.Build.0 = Debug|Any CPU
		{D2044FF3-E82E-459F-9E70-698A424DAC9B}.Release|Any CPU.ActiveCfg = Release|Any CPU
		{D2044FF3-E82E-459F-9E70-698A424DAC9B}.Release|Any CPU.Build.0 = Release|Any CPU
		{A7E6F40A-154C-4B25-B3FE-2FEE1899E59C}.Debug|Any CPU.ActiveCfg = Debug|Any CPU
		{A7E6F40A-154C-4B25-B3FE-2FEE1899E59C}.Debug|Any CPU.Build.0 = Debug|Any CPU
		{A7E6F40A-154C-4B25-B3FE-2FEE1899E59C}.Release|Any CPU.ActiveCfg = Release|Any CPU
		{A7E6F40A-154C-4B25-B3FE-2FEE1899E59C}.Release|Any CPU.Build.0 = Release|Any CPU
		{F848D117-C4C9-44F9-B376-74191AD7C438}.Debug|Any CPU.ActiveCfg = Debug|Any CPU
		{F848D117-C4C9-44F9-B376-74191AD7C438}.Debug|Any CPU.Build.0 = Debug|Any CPU
		{F848D117-C4C9-44F9-B376-74191AD7C438}.Release|Any CPU.ActiveCfg = Release|Any CPU
		{F848D117-C4C9-44F9-B376-74191AD7C438}.Release|Any CPU.Build.0 = Release|Any CPU
		{93F83EE2-FF92-4C8C-A64A-EBA74DFEE432}.Debug|Any CPU.ActiveCfg = Debug|Any CPU
		{93F83EE2-FF92-4C8C-A64A-EBA74DFEE432}.Debug|Any CPU.Build.0 = Debug|Any CPU
		{93F83EE2-FF92-4C8C-A64A-EBA74DFEE432}.Release|Any CPU.ActiveCfg = Release|Any CPU
		{93F83EE2-FF92-4C8C-A64A-EBA74DFEE432}.Release|Any CPU.Build.0 = Release|Any CPU
	EndGlobalSection
	GlobalSection(SolutionProperties) = preSolution
		HideSolutionNode = FALSE
	EndGlobalSection
	GlobalSection(ExtensibilityGlobals) = postSolution
		SolutionGuid = {2D7DA987-973F-4B17-ADD4-0777AA2E0949}
	EndGlobalSection
EndGlobal
